
Microsoft Visual Studio Solution File, Format Version 12.00
# Visual Studio Version 17
VisualStudioVersion = 17.14.36518.9 d17.14
MinimumVisualStudioVersion = 10.0.40219.1
Project("{FAE04EC0-301F-11D3-BF4B-00C04F79EFBC}") = "flappyBird", "flappyBird.csproj", "{078B282E-EDF1-476D-96DD-21D84D41CAAA}"
EndProject
Global
	GlobalSection(SolutionConfigurationPlatforms) = preSolution
		Debug|Any CPU = Debug|Any CPU
		Release|Any CPU = Release|Any CPU
	EndGlobalSection
	GlobalSection(ProjectConfigurationPlatforms) = postSolution
		{078B282E-EDF1-476D-96DD-21D84D41CAAA}.Debug|Any CPU.ActiveCfg = Debug|Any CPU
		{078B282E-EDF1-476D-96DD-21D84D41CAAA}.Debug|Any CPU.Build.0 = Debug|Any CPU
		{078B282E-EDF1-476D-96DD-21D84D41CAAA}.Release|Any CPU.ActiveCfg = Release|Any CPU
		{078B282E-EDF1-476D-96DD-21D84D41CAAA}.Release|Any CPU.Build.0 = Release|Any CPU
	EndGlobalSection
	GlobalSection(SolutionProperties) = preSolution
		HideSolutionNode = FALSE
	EndGlobalSection
	GlobalSection(ExtensibilityGlobals) = postSolution
		SolutionGuid = {EBD6C7C5-2ED0-43AC-8212-F33ED00B9019}
	EndGlobalSection
EndGlobal
